
Microsoft Visual Studio Solution File, Format Version 12.00
# Visual Studio 15
VisualStudioVersion = 15.0.28307.421
MinimumVisualStudioVersion = 10.0.40219.1
Project("{9A19103F-16F7-4668-BE54-9A1E7A4F7556}") = "Eticaret.BLL", "Eticaret.BLL\Eticaret.BLL.csproj", "{853FE793-5175-4080-BDF0-78773149D39C}"
EndProject
Project("{9A19103F-16F7-4668-BE54-9A1E7A4F7556}") = "Eticaret.DAL", "Eticaret.DAL\Eticaret.DAL.csproj", "{B0D4F151-A116-42CB-8EBB-4B4ED79FBA05}"
EndProject
Project("{9A19103F-16F7-4668-BE54-9A1E7A4F7556}") = "Eticaret.Entities", "Eticaret.Entities\Eticaret.Entities.csproj", "{C07317A5-C6D5-41F3-A339-DE4C120EA199}"
EndProject
Project("{9A19103F-16F7-4668-BE54-9A1E7A4F7556}") = "Eticaret", "Eticaret\Eticaret.csproj", "{74043EC0-FAA7-46E9-996D-B95E0263728E}"
EndProject
Project("{FAE04EC0-301F-11D3-BF4B-00C04F79EFBC}") = "Eticaret.MvcWEBUI", "Eticaret.MvcWEBUI\Eticaret.MvcWEBUI.csproj", "{EE1AD6A4-8154-4377-A707-36BD62FE100D}"
EndProject
Global
	GlobalSection(SolutionConfigurationPlatforms) = preSolution
		Debug|Any CPU = Debug|Any CPU
		Release|Any CPU = Release|Any CPU
	EndGlobalSection
	GlobalSection(ProjectConfigurationPlatforms) = postSolution
		{853FE793-5175-4080-BDF0-78773149D39C}.Debug|Any CPU.ActiveCfg = Debug|Any CPU
		{853FE793-5175-4080-BDF0-78773149D39C}.Debug|Any CPU.Build.0 = Debug|Any CPU
		{853FE793-5175-4080-BDF0-78773149D39C}.Release|Any CPU.ActiveCfg = Release|Any CPU
		{853FE793-5175-4080-BDF0-78773149D39C}.Release|Any CPU.Build.0 = Release|Any CPU
		{B0D4F151-A116-42CB-8EBB-4B4ED79FBA05}.Debug|Any CPU.ActiveCfg = Debug|Any CPU
		{B0D4F151-A116-42CB-8EBB-4B4ED79FBA05}.Debug|Any CPU.Build.0 = Debug|Any CPU
		{B0D4F151-A116-42CB-8EBB-4B4ED79FBA05}.Release|Any CPU.ActiveCfg = Release|Any CPU
		{B0D4F151-A116-42CB-8EBB-4B4ED79FBA05}.Release|Any CPU.Build.0 = Release|Any CPU
		{C07317A5-C6D5-41F3-A339-DE4C120EA199}.Debug|Any CPU.ActiveCfg = Debug|Any CPU
		{C07317A5-C6D5-41F3-A339-DE4C120EA199}.Debug|Any CPU.Build.0 = Debug|Any CPU
		{C07317A5-C6D5-41F3-A339-DE4C120EA199}.Release|Any CPU.ActiveCfg = Release|Any CPU
		{C07317A5-C6D5-41F3-A339-DE4C120EA199}.Release|Any CPU.Build.0 = Release|Any CPU
		{74043EC0-FAA7-46E9-996D-B95E0263728E}.Debug|Any CPU.ActiveCfg = Debug|Any CPU
		{74043EC0-FAA7-46E9-996D-B95E0263728E}.Debug|Any CPU.Build.0 = Debug|Any CPU
		{74043EC0-FAA7-46E9-996D-B95E0263728E}.Release|Any CPU.ActiveCfg = Release|Any CPU
		{74043EC0-FAA7-46E9-996D-B95E0263728E}.Release|Any CPU.Build.0 = Release|Any CPU
		{EE1AD6A4-8154-4377-A707-36BD62FE100D}.Debug|Any CPU.ActiveCfg = Debug|Any CPU
		{EE1AD6A4-8154-4377-A707-36BD62FE100D}.Debug|Any CPU.Build.0 = Debug|Any CPU
		{EE1AD6A4-8154-4377-A707-36BD62FE100D}.Release|Any CPU.ActiveCfg = Release|Any CPU
		{EE1AD6A4-8154-4377-A707-36BD62FE100D}.Release|Any CPU.Build.0 = Release|Any CPU
	EndGlobalSection
	GlobalSection(SolutionProperties) = preSolution
		HideSolutionNode = FALSE
	EndGlobalSection
	GlobalSection(ExtensibilityGlobals) = postSolution
		SolutionGuid = {65E22193-BD8F-4220-A1B7-52F14F8C7304}
	EndGlobalSection
EndGlobal
